
Microsoft Visual Studio Solution File, Format Version 12.00
# Visual Studio 14
VisualStudioVersion = 14.0.25420.1
MinimumVisualStudioVersion = 10.0.40219.1
Project("{2150E333-8FDC-42A3-9474-1A3956D46DE8}") = "Presentation", "Presentation", "{EAB24F69-6E7E-4508-BB72-294A1BF7A883}"
EndProject
Project("{2150E333-8FDC-42A3-9474-1A3956D46DE8}") = "Data", "Data", "{3863E4F6-C1F6-415A-964C-3F12C556491D}"
EndProject
Project("{2150E333-8FDC-42A3-9474-1A3956D46DE8}") = "Utilities", "Utilities", "{CB4DD3B7-EAB0-47F4-BA41-71C958A6A7A5}"
EndProject
Project("{FAE04EC0-301F-11D3-BF4B-00C04F79EFBC}") = "SalesforceData", "SalesforceData\SalesforceData.csproj", "{89F45A95-063D-4DF5-98E0-117AA7C2A850}"
EndProject
Project("{FAE04EC0-301F-11D3-BF4B-00C04F79EFBC}") = "_Json", "_Json\_Json.csproj", "{7D5D9063-606D-4CEB-B600-9186841A81B6}"
EndProject
Project("{FAE04EC0-301F-11D3-BF4B-00C04F79EFBC}") = "_Utilities", "_Utilities\_Utilities.csproj", "{78BE2A6E-571D-42F2-BFD4-AB8B22CC1A3B}"
EndProject
Project("{FAE04EC0-301F-11D3-BF4B-00C04F79EFBC}") = "_Connections", "_Connections\_Connections.csproj", "{E2128311-C763-4BA4-A3F6-B8F93485E766}"
EndProject
Project("{FAE04EC0-301F-11D3-BF4B-00C04F79EFBC}") = "SFApi", "SFApi\SFApi.csproj", "{399F4402-26B0-432A-B4D6-7687F07C76D6}"
EndProject
Global
	GlobalSection(SolutionConfigurationPlatforms) = preSolution
		Debug|Any CPU = Debug|Any CPU
		DEV|Any CPU = DEV|Any CPU
		PROD|Any CPU = PROD|Any CPU
		QA|Any CPU = QA|Any CPU
		Release|Any CPU = Release|Any CPU
	EndGlobalSection
	GlobalSection(ProjectConfigurationPlatforms) = postSolution
		{89F45A95-063D-4DF5-98E0-117AA7C2A850}.Debug|Any CPU.ActiveCfg = Release|Any CPU
		{89F45A95-063D-4DF5-98E0-117AA7C2A850}.Debug|Any CPU.Build.0 = Release|Any CPU
		{89F45A95-063D-4DF5-98E0-117AA7C2A850}.DEV|Any CPU.ActiveCfg = Release|Any CPU
		{89F45A95-063D-4DF5-98E0-117AA7C2A850}.DEV|Any CPU.Build.0 = Release|Any CPU
		{89F45A95-063D-4DF5-98E0-117AA7C2A850}.PROD|Any CPU.ActiveCfg = Release|Any CPU
		{89F45A95-063D-4DF5-98E0-117AA7C2A850}.PROD|Any CPU.Build.0 = Release|Any CPU
		{89F45A95-063D-4DF5-98E0-117AA7C2A850}.QA|Any CPU.ActiveCfg = Release|Any CPU
		{89F45A95-063D-4DF5-98E0-117AA7C2A850}.QA|Any CPU.Build.0 = Release|Any CPU
		{89F45A95-063D-4DF5-98E0-117AA7C2A850}.Release|Any CPU.ActiveCfg = Release|Any CPU
		{89F45A95-063D-4DF5-98E0-117AA7C2A850}.Release|Any CPU.Build.0 = Release|Any CPU
		{7D5D9063-606D-4CEB-B600-9186841A81B6}.Debug|Any CPU.ActiveCfg = DEV|Any CPU
		{7D5D9063-606D-4CEB-B600-9186841A81B6}.Debug|Any CPU.Build.0 = DEV|Any CPU
		{7D5D9063-606D-4CEB-B600-9186841A81B6}.DEV|Any CPU.ActiveCfg = DEV|Any CPU
		{7D5D9063-606D-4CEB-B600-9186841A81B6}.DEV|Any CPU.Build.0 = DEV|Any CPU
		{7D5D9063-606D-4CEB-B600-9186841A81B6}.PROD|Any CPU.ActiveCfg = PROD|Any CPU
		{7D5D9063-606D-4CEB-B600-9186841A81B6}.PROD|Any CPU.Build.0 = PROD|Any CPU
		{7D5D9063-606D-4CEB-B600-9186841A81B6}.QA|Any CPU.ActiveCfg = QA|Any CPU
		{7D5D9063-606D-4CEB-B600-9186841A81B6}.QA|Any CPU.Build.0 = QA|Any CPU
		{7D5D9063-606D-4CEB-B600-9186841A81B6}.Release|Any CPU.ActiveCfg = Release|Any CPU
		{7D5D9063-606D-4CEB-B600-9186841A81B6}.Release|Any CPU.Build.0 = Release|Any CPU
		{78BE2A6E-571D-42F2-BFD4-AB8B22CC1A3B}.Debug|Any CPU.ActiveCfg = DEV|Any CPU
		{78BE2A6E-571D-42F2-BFD4-AB8B22CC1A3B}.Debug|Any CPU.Build.0 = DEV|Any CPU
		{78BE2A6E-571D-42F2-BFD4-AB8B22CC1A3B}.DEV|Any CPU.ActiveCfg = DEV|Any CPU
		{78BE2A6E-571D-42F2-BFD4-AB8B22CC1A3B}.DEV|Any CPU.Build.0 = DEV|Any CPU
		{78BE2A6E-571D-42F2-BFD4-AB8B22CC1A3B}.PROD|Any CPU.ActiveCfg = PROD|Any CPU
		{78BE2A6E-571D-42F2-BFD4-AB8B22CC1A3B}.PROD|Any CPU.Build.0 = PROD|Any CPU
		{78BE2A6E-571D-42F2-BFD4-AB8B22CC1A3B}.QA|Any CPU.ActiveCfg = QA|Any CPU
		{78BE2A6E-571D-42F2-BFD4-AB8B22CC1A3B}.QA|Any CPU.Build.0 = QA|Any CPU
		{78BE2A6E-571D-42F2-BFD4-AB8B22CC1A3B}.Release|Any CPU.ActiveCfg = Release|Any CPU
		{78BE2A6E-571D-42F2-BFD4-AB8B22CC1A3B}.Release|Any CPU.Build.0 = Release|Any CPU
		{E2128311-C763-4BA4-A3F6-B8F93485E766}.Debug|Any CPU.ActiveCfg = DEV|Any CPU
		{E2128311-C763-4BA4-A3F6-B8F93485E766}.Debug|Any CPU.Build.0 = DEV|Any CPU
		{E2128311-C763-4BA4-A3F6-B8F93485E766}.DEV|Any CPU.ActiveCfg = DEV|Any CPU
		{E2128311-C763-4BA4-A3F6-B8F93485E766}.DEV|Any CPU.Build.0 = DEV|Any CPU
		{E2128311-C763-4BA4-A3F6-B8F93485E766}.PROD|Any CPU.ActiveCfg = PROD|Any CPU
		{E2128311-C763-4BA4-A3F6-B8F93485E766}.PROD|Any CPU.Build.0 = PROD|Any CPU
		{E2128311-C763-4BA4-A3F6-B8F93485E766}.QA|Any CPU.ActiveCfg = QA|Any CPU
		{E2128311-C763-4BA4-A3F6-B8F93485E766}.QA|Any CPU.Build.0 = QA|Any CPU
		{E2128311-C763-4BA4-A3F6-B8F93485E766}.Release|Any CPU.ActiveCfg = Release|Any CPU
		{E2128311-C763-4BA4-A3F6-B8F93485E766}.Release|Any CPU.Build.0 = Release|Any CPU
		{399F4402-26B0-432A-B4D6-7687F07C76D6}.Debug|Any CPU.ActiveCfg = Debug|Any CPU
		{399F4402-26B0-432A-B4D6-7687F07C76D6}.Debug|Any CPU.Build.0 = Debug|Any CPU
		{399F4402-26B0-432A-B4D6-7687F07C76D6}.DEV|Any CPU.ActiveCfg = DEV|Any CPU
		{399F4402-26B0-432A-B4D6-7687F07C76D6}.DEV|Any CPU.Build.0 = DEV|Any CPU
		{399F4402-26B0-432A-B4D6-7687F07C76D6}.PROD|Any CPU.ActiveCfg = PROD|Any CPU
		{399F4402-26B0-432A-B4D6-7687F07C76D6}.PROD|Any CPU.Build.0 = PROD|Any CPU
		{399F4402-26B0-432A-B4D6-7687F07C76D6}.QA|Any CPU.ActiveCfg = QA|Any CPU
		{399F4402-26B0-432A-B4D6-7687F07C76D6}.QA|Any CPU.Build.0 = QA|Any CPU
		{399F4402-26B0-432A-B4D6-7687F07C76D6}.Release|Any CPU.ActiveCfg = Release|Any CPU
		{399F4402-26B0-432A-B4D6-7687F07C76D6}.Release|Any CPU.Build.0 = Release|Any CPU
	EndGlobalSection
	GlobalSection(SolutionProperties) = preSolution
		HideSolutionNode = FALSE
	EndGlobalSection
	GlobalSection(NestedProjects) = preSolution
		{89F45A95-063D-4DF5-98E0-117AA7C2A850} = {3863E4F6-C1F6-415A-964C-3F12C556491D}
		{7D5D9063-606D-4CEB-B600-9186841A81B6} = {CB4DD3B7-EAB0-47F4-BA41-71C958A6A7A5}
		{78BE2A6E-571D-42F2-BFD4-AB8B22CC1A3B} = {CB4DD3B7-EAB0-47F4-BA41-71C958A6A7A5}
		{E2128311-C763-4BA4-A3F6-B8F93485E766} = {CB4DD3B7-EAB0-47F4-BA41-71C958A6A7A5}
		{399F4402-26B0-432A-B4D6-7687F07C76D6} = {EAB24F69-6E7E-4508-BB72-294A1BF7A883}
	EndGlobalSection
EndGlobal
